<?xml version="1.0" encoding="utf-8"?>
<Project ToolsVersion="4.0" xmlns="http://schemas.microsoft.com/developer/msbuild/2003">
  <ItemGroup>
    <Filter Include="ソース ファイル">
      <UniqueIdentifier>{4FC737F1-C7A5-4376-A066-2A32D752A2FF}</UniqueIdentifier>
      <Extensions>cpp;c;cc;cxx;def;odl;idl;hpj;bat;asm;asmx</Extensions>
    </Filter>
    <Filter Include="リソース ファイル">
      <UniqueIdentifier>{67DA6AB6-F800-4c08-8B7A-83BB121AAD01}</UniqueIdentifier>
      <Extensions>rc;ico;cur;bmp;dlg;rc2;rct;bin;rgs;gif;jpg;jpeg;jpe;resx;tiff;tif;png;wav;mfcribbon-ms</Extensions>
    </Filter>
    <Filter Include="ソース ファイル\GameEngine">
      <UniqueIdentifier>{b3c05636-ec53-47d4-b6fc-0c30ba0b5098}</UniqueIdentifier>
    </Filter>
    <Filter Include="ソース ファイル\GameEngine\Add">
      <UniqueIdentifier>{f017add6-b2ae-4ef7-a0c5-2e70dac7a74b}</UniqueIdentifier>
    </Filter>
    <Filter Include="ソース ファイル\GameEngine\DirectX11">
      <UniqueIdentifier>{016d385b-730e-4110-a2cb-ecac070515ab}</UniqueIdentifier>
    </Filter>
    <Filter Include="ソース ファイル\GameEngine\GameManager">
      <UniqueIdentifier>{5ea68c43-2de2-4e0c-83e7-3847377f8cd3}</UniqueIdentifier>
    </Filter>
    <Filter Include="ソース ファイル\GameEngine\GameObject">
      <UniqueIdentifier>{f570e64f-9cc8-4f02-add0-51c24e9fea3c}</UniqueIdentifier>
    </Filter>
    <Filter Include="ソース ファイル\GameEngine\Timer">
      <UniqueIdentifier>{ecb8aa00-7c9e-45cf-ae95-f17afad4e126}</UniqueIdentifier>
    </Filter>
    <Filter Include="ソース ファイル\GameEngine\Window">
      <UniqueIdentifier>{11f88172-d1a5-40ab-9958-64f882c83eb3}</UniqueIdentifier>
    </Filter>
    <Filter Include="ソース ファイル\User">
      <UniqueIdentifier>{eb40b682-7706-4f61-9896-495e0fd1c0ef}</UniqueIdentifier>
    </Filter>
    <Filter Include="ソース ファイル\User\Scene">
      <UniqueIdentifier>{d236074f-8473-4bfc-9562-8c6ad1d661a4}</UniqueIdentifier>
    </Filter>
    <Filter Include="ソース ファイル\User\Player">
      <UniqueIdentifier>{05a47088-86ad-4f2d-bb06-19d0089c6654}</UniqueIdentifier>
    </Filter>
  </ItemGroup>
  <ItemGroup>
    <ClCompile Include="Header\WICTextureLoader\WICTextureLoader.cpp">
      <Filter>ソース ファイル\GameEngine\Add</Filter>
    </ClCompile>
    <ClCompile Include="GameEngine\DirectX11\DirectX11.cpp">
      <Filter>ソース ファイル\GameEngine\DirectX11</Filter>
    </ClCompile>
    <ClCompile Include="GameEngine\GameManager\GameManager.cpp">
      <Filter>ソース ファイル\GameEngine\GameManager</Filter>
    </ClCompile>
    <ClCompile Include="GameEngine\GameObject\GameObject.cpp">
      <Filter>ソース ファイル\GameEngine\GameObject</Filter>
    </ClCompile>
    <ClCompile Include="GameEngine\Timer\Timer.cpp">
      <Filter>ソース ファイル\GameEngine\Timer</Filter>
    </ClCompile>
    <ClCompile Include="GameEngine\Window\Window.cpp">
      <Filter>ソース ファイル\GameEngine\Window</Filter>
    </ClCompile>
    <ClCompile Include="User\Player\Player.cpp">
      <Filter>ソース ファイル\User\Player</Filter>
    </ClCompile>
    <ClCompile Include="main.cpp">
      <Filter>ソース ファイル\User</Filter>
    </ClCompile>
  </ItemGroup>
  <ItemGroup>
    <ClInclude Include="Header\WICTextureLoader\WICTextureLoader.h">
      <Filter>ソース ファイル\GameEngine\Add</Filter>
    </ClInclude>
    <ClInclude Include="GameEngine\DirectX11\DirectX11.h">
      <Filter>ソース ファイル\GameEngine\DirectX11</Filter>
    </ClInclude>
    <ClInclude Include="GameEngine\GameManager\GameManager.h">
      <Filter>ソース ファイル\GameEngine\GameManager</Filter>
    </ClInclude>
    <ClInclude Include="GameEngine\GameObject\GameObject.h">
      <Filter>ソース ファイル\GameEngine\GameObject</Filter>
    </ClInclude>
    <ClInclude Include="GameEngine\Timer\Timer.h">
      <Filter>ソース ファイル\GameEngine\Timer</Filter>
    </ClInclude>
    <ClInclude Include="GameEngine\Window\Window.h">
      <Filter>ソース ファイル\GameEngine\Window</Filter>
    </ClInclude>
    <ClInclude Include="User\Player\Player.h">
      <Filter>ソース ファイル\User\Player</Filter>
    </ClInclude>
    <ClInclude Include="include.h">
      <Filter>ソース ファイル\User</Filter>
    </ClInclude>
  </ItemGroup>
</Project>